// !$*UTF8*$!
{
	archiveVersion = 1;
	classes = {
	};
	objectVersion = 56;
	objects = {

/* Begin PBXBuildFile section */
		4D42F3F428F166EA007B6B5E /* CryptObserverApp.swift in Sources */ = {isa = PBXBuildFile; fileRef = 4D42F3F328F166EA007B6B5E /* CryptObserverApp.swift */; };
		4D42F3F628F166EA007B6B5E /* ContentView.swift in Sources */ = {isa = PBXBuildFile; fileRef = 4D42F3F528F166EA007B6B5E /* ContentView.swift */; };
		4D42F3F828F166EB007B6B5E /* Assets.xcassets in Resources */ = {isa = PBXBuildFile; fileRef = 4D42F3F728F166EB007B6B5E /* Assets.xcassets */; };
		4D42F3FB28F166EB007B6B5E /* Preview Assets.xcassets in Resources */ = {isa = PBXBuildFile; fileRef = 4D42F3FA28F166EB007B6B5E /* Preview Assets.xcassets */; };
		4D42F40228F167DB007B6B5E /* AssetsListScreen.swift in Sources */ = {isa = PBXBuildFile; fileRef = 4D42F40128F167DB007B6B5E /* AssetsListScreen.swift */; };
		4D42F40428F168A4007B6B5E /* EmptyStateView.swift in Sources */ = {isa = PBXBuildFile; fileRef = 4D42F40328F168A4007B6B5E /* EmptyStateView.swift */; };
		4D42F40628F16D2E007B6B5E /* ConectionErrorScreen.swift in Sources */ = {isa = PBXBuildFile; fileRef = 4D42F40528F16D2E007B6B5E /* ConectionErrorScreen.swift */; };
		4D42F40828F16FF0007B6B5E /* CryptoCurrencyCell.swift in Sources */ = {isa = PBXBuildFile; fileRef = 4D42F40728F16FF0007B6B5E /* CryptoCurrencyCell.swift */; };
		4D42F40A28F17B7E007B6B5E /* Asset.swift in Sources */ = {isa = PBXBuildFile; fileRef = 4D42F40928F17B7E007B6B5E /* Asset.swift */; };
		4D42F41128F17D11007B6B5E /* EndPoint.swift in Sources */ = {isa = PBXBuildFile; fileRef = 4D42F41028F17D11007B6B5E /* EndPoint.swift */; };
		4D42F41328F18019007B6B5E /* APIManagerProtocol.swift in Sources */ = {isa = PBXBuildFile; fileRef = 4D42F41228F18019007B6B5E /* APIManagerProtocol.swift */; };
		4D42F41528F18041007B6B5E /* APIManager.swift in Sources */ = {isa = PBXBuildFile; fileRef = 4D42F41428F18041007B6B5E /* APIManager.swift */; };
		4D42F41728F1808E007B6B5E /* AssetListService.swift in Sources */ = {isa = PBXBuildFile; fileRef = 4D42F41628F1808E007B6B5E /* AssetListService.swift */; };
		4D42F41928F18271007B6B5E /* AssetsListViewModel.swift in Sources */ = {isa = PBXBuildFile; fileRef = 4D42F41828F18271007B6B5E /* AssetsListViewModel.swift */; };
		4DDCCE6A28F18A1900D490C0 /* Edpointtests.swift in Sources */ = {isa = PBXBuildFile; fileRef = 4DDCCE6928F18A1900D490C0 /* Edpointtests.swift */; };
		4DDCCE6C28F18CD900D490C0 /* AssetsData.swift in Sources */ = {isa = PBXBuildFile; fileRef = 4DDCCE6B28F18CD900D490C0 /* AssetsData.swift */; };
		4DDCCE6E28F1956200D490C0 /* AssetViewModel.swift in Sources */ = {isa = PBXBuildFile; fileRef = 4DDCCE6D28F1956200D490C0 /* AssetViewModel.swift */; };
		4DDCCE7228F1D43900D490C0 /* Task+retrying.swift in Sources */ = {isa = PBXBuildFile; fileRef = 4DDCCE7128F1D43800D490C0 /* Task+retrying.swift */; };
		4DDCCE7628F1D50400D490C0 /* CoinCellProfileComponent.swift in Sources */ = {isa = PBXBuildFile; fileRef = 4DDCCE7528F1D50400D490C0 /* CoinCellProfileComponent.swift */; };
		4DDCCE7828F1D55200D490C0 /* CoinCellDetailComponent.swift in Sources */ = {isa = PBXBuildFile; fileRef = 4DDCCE7728F1D55200D490C0 /* CoinCellDetailComponent.swift */; };
/* End PBXBuildFile section */

/* Begin PBXContainerItemProxy section */
		4DDCCE6428F189F100D490C0 /* PBXContainerItemProxy */ = {
			isa = PBXContainerItemProxy;
			containerPortal = 4D42F3E828F166EA007B6B5E /* Project object */;
			proxyType = 1;
			remoteGlobalIDString = 4D42F3EF28F166EA007B6B5E;
			remoteInfo = CryptObserver;
		};
/* End PBXContainerItemProxy section */

/* Begin PBXFileReference section */
		4D42F3F028F166EA007B6B5E /* CryptObserver.app */ = {isa = PBXFileReference; explicitFileType = wrapper.application; includeInIndex = 0; path = CryptObserver.app; sourceTree = BUILT_PRODUCTS_DIR; };
		4D42F3F328F166EA007B6B5E /* CryptObserverApp.swift */ = {isa = PBXFileReference; lastKnownFileType = sourcecode.swift; path = CryptObserverApp.swift; sourceTree = "<group>"; };
		4D42F3F528F166EA007B6B5E /* ContentView.swift */ = {isa = PBXFileReference; lastKnownFileType = sourcecode.swift; path = ContentView.swift; sourceTree = "<group>"; };
		4D42F3F728F166EB007B6B5E /* Assets.xcassets */ = {isa = PBXFileReference; lastKnownFileType = folder.assetcatalog; path = Assets.xcassets; sourceTree = "<group>"; };
		4D42F3FA28F166EB007B6B5E /* Preview Assets.xcassets */ = {isa = PBXFileReference; lastKnownFileType = folder.assetcatalog; path = "Preview Assets.xcassets"; sourceTree = "<group>"; };
		4D42F40128F167DB007B6B5E /* AssetsListScreen.swift */ = {isa = PBXFileReference; lastKnownFileType = sourcecode.swift; path = AssetsListScreen.swift; sourceTree = "<group>"; };
		4D42F40328F168A4007B6B5E /* EmptyStateView.swift */ = {isa = PBXFileReference; lastKnownFileType = sourcecode.swift; path = EmptyStateView.swift; sourceTree = "<group>"; };
		4D42F40528F16D2E007B6B5E /* ConectionErrorScreen.swift */ = {isa = PBXFileReference; lastKnownFileType = sourcecode.swift; path = ConectionErrorScreen.swift; sourceTree = "<group>"; };
		4D42F40728F16FF0007B6B5E /* CryptoCurrencyCell.swift */ = {isa = PBXFileReference; lastKnownFileType = sourcecode.swift; path = CryptoCurrencyCell.swift; sourceTree = "<group>"; };
		4D42F40928F17B7E007B6B5E /* Asset.swift */ = {isa = PBXFileReference; lastKnownFileType = sourcecode.swift; path = Asset.swift; sourceTree = "<group>"; };
		4D42F41028F17D11007B6B5E /* EndPoint.swift */ = {isa = PBXFileReference; fileEncoding = 4; lastKnownFileType = sourcecode.swift; path = EndPoint.swift; sourceTree = "<group>"; };
		4D42F41228F18019007B6B5E /* APIManagerProtocol.swift */ = {isa = PBXFileReference; lastKnownFileType = sourcecode.swift; path = APIManagerProtocol.swift; sourceTree = "<group>"; };
		4D42F41428F18041007B6B5E /* APIManager.swift */ = {isa = PBXFileReference; lastKnownFileType = sourcecode.swift; path = APIManager.swift; sourceTree = "<group>"; };
		4D42F41628F1808E007B6B5E /* AssetListService.swift */ = {isa = PBXFileReference; lastKnownFileType = sourcecode.swift; path = AssetListService.swift; sourceTree = "<group>"; };
		4D42F41828F18271007B6B5E /* AssetsListViewModel.swift */ = {isa = PBXFileReference; lastKnownFileType = sourcecode.swift; path = AssetsListViewModel.swift; sourceTree = "<group>"; };
		4DDCCE6028F189F100D490C0 /* CryptObserverTests.xctest */ = {isa = PBXFileReference; explicitFileType = wrapper.cfbundle; includeInIndex = 0; path = CryptObserverTests.xctest; sourceTree = BUILT_PRODUCTS_DIR; };
		4DDCCE6928F18A1900D490C0 /* Edpointtests.swift */ = {isa = PBXFileReference; lastKnownFileType = sourcecode.swift; path = Edpointtests.swift; sourceTree = "<group>"; };
		4DDCCE6B28F18CD900D490C0 /* AssetsData.swift */ = {isa = PBXFileReference; lastKnownFileType = sourcecode.swift; path = AssetsData.swift; sourceTree = "<group>"; };
		4DDCCE6D28F1956200D490C0 /* AssetViewModel.swift */ = {isa = PBXFileReference; lastKnownFileType = sourcecode.swift; path = AssetViewModel.swift; sourceTree = "<group>"; };
		4DDCCE7128F1D43800D490C0 /* Task+retrying.swift */ = {isa = PBXFileReference; lastKnownFileType = sourcecode.swift; path = "Task+retrying.swift"; sourceTree = "<group>"; };
		4DDCCE7528F1D50400D490C0 /* CoinCellProfileComponent.swift */ = {isa = PBXFileReference; lastKnownFileType = sourcecode.swift; path = CoinCellProfileComponent.swift; sourceTree = "<group>"; };
		4DDCCE7728F1D55200D490C0 /* CoinCellDetailComponent.swift */ = {isa = PBXFileReference; lastKnownFileType = sourcecode.swift; path = CoinCellDetailComponent.swift; sourceTree = "<group>"; };
/* End PBXFileReference section */

/* Begin PBXFrameworksBuildPhase section */
		4D42F3ED28F166EA007B6B5E /* Frameworks */ = {
			isa = PBXFrameworksBuildPhase;
			buildActionMask = 2147483647;
			files = (
			);
			runOnlyForDeploymentPostprocessing = 0;
		};
		4DDCCE5D28F189F100D490C0 /* Frameworks */ = {
			isa = PBXFrameworksBuildPhase;
			buildActionMask = 2147483647;
			files = (
			);
			runOnlyForDeploymentPostprocessing = 0;
		};
/* End PBXFrameworksBuildPhase section */

/* Begin PBXGroup section */
		4D42F3E728F166EA007B6B5E = {
			isa = PBXGroup;
			children = (
				4D42F3F228F166EA007B6B5E /* CryptObserver */,
				4DDCCE6128F189F100D490C0 /* CryptObserverTests */,
				4D42F3F128F166EA007B6B5E /* Products */,
			);
			sourceTree = "<group>";
		};
		4D42F3F128F166EA007B6B5E /* Products */ = {
			isa = PBXGroup;
			children = (
				4D42F3F028F166EA007B6B5E /* CryptObserver.app */,
				4DDCCE6028F189F100D490C0 /* CryptObserverTests.xctest */,
			);
			name = Products;
			sourceTree = "<group>";
		};
		4D42F3F228F166EA007B6B5E /* CryptObserver */ = {
			isa = PBXGroup;
			children = (
				4D42F3F328F166EA007B6B5E /* CryptObserverApp.swift */,
				4D42F3F528F166EA007B6B5E /* ContentView.swift */,
				4DDCCE7328F1D47600D490C0 /* Extensions */,
				4DDCCE7428F1D4A400D490C0 /* Components */,
				4DDCCE7028F1B1EC00D490C0 /* Layouts */,
				4DDCCE6F28F1B1C000D490C0 /* Screens */,
				4D42F40F28F17CEF007B6B5E /* API */,
				4D42F40D28F17CA0007B6B5E /* Services */,
				4D42F40C28F17C8E007B6B5E /* ViewModels */,
				4D42F40B28F17C80007B6B5E /* Model */,
				4D42F3F728F166EB007B6B5E /* Assets.xcassets */,
				4D42F3F928F166EB007B6B5E /* Preview Content */,
			);
			path = CryptObserver;
			sourceTree = "<group>";
		};
		4D42F3F928F166EB007B6B5E /* Preview Content */ = {
			isa = PBXGroup;
			children = (
				4D42F3FA28F166EB007B6B5E /* Preview Assets.xcassets */,
			);
			path = "Preview Content";
			sourceTree = "<group>";
		};
		4D42F40B28F17C80007B6B5E /* Model */ = {
			isa = PBXGroup;
			children = (
				4D42F40928F17B7E007B6B5E /* Asset.swift */,
				4DDCCE6B28F18CD900D490C0 /* AssetsData.swift */,
			);
			path = Model;
			sourceTree = "<group>";
		};
		4D42F40C28F17C8E007B6B5E /* ViewModels */ = {
			isa = PBXGroup;
			children = (
				4D42F41828F18271007B6B5E /* AssetsListViewModel.swift */,
				4DDCCE6D28F1956200D490C0 /* AssetViewModel.swift */,
			);
			path = ViewModels;
			sourceTree = "<group>";
		};
		4D42F40D28F17CA0007B6B5E /* Services */ = {
			isa = PBXGroup;
			children = (
				4D42F41628F1808E007B6B5E /* AssetListService.swift */,
			);
			path = Services;
			sourceTree = "<group>";
		};
		4D42F40E28F17CA8007B6B5E /* Managers */ = {
			isa = PBXGroup;
			children = (
				4D42F41228F18019007B6B5E /* APIManagerProtocol.swift */,
				4D42F41428F18041007B6B5E /* APIManager.swift */,
			);
			path = Managers;
			sourceTree = "<group>";
		};
		4D42F40F28F17CEF007B6B5E /* API */ = {
			isa = PBXGroup;
			children = (
				4D42F41028F17D11007B6B5E /* EndPoint.swift */,
				4D42F40E28F17CA8007B6B5E /* Managers */,
			);
			path = API;
			sourceTree = "<group>";
		};
		4DDCCE6128F189F100D490C0 /* CryptObserverTests */ = {
			isa = PBXGroup;
			children = (
				4DDCCE6928F18A1900D490C0 /* Edpointtests.swift */,
			);
			path = CryptObserverTests;
			sourceTree = "<group>";
		};
		4DDCCE6F28F1B1C000D490C0 /* Screens */ = {
			isa = PBXGroup;
			children = (
				4D42F40128F167DB007B6B5E /* AssetsListScreen.swift */,
				4D42F40528F16D2E007B6B5E /* ConectionErrorScreen.swift */,
			);
			path = Screens;
			sourceTree = "<group>";
		};
		4DDCCE7028F1B1EC00D490C0 /* Layouts */ = {
			isa = PBXGroup;
			children = (
				4D42F40728F16FF0007B6B5E /* CryptoCurrencyCell.swift */,
				4D42F40328F168A4007B6B5E /* EmptyStateView.swift */,
			);
			path = Layouts;
			sourceTree = "<group>";
		};
		4DDCCE7328F1D47600D490C0 /* Extensions */ = {
			isa = PBXGroup;
			children = (
				4DDCCE7128F1D43800D490C0 /* Task+retrying.swift */,
			);
			path = Extensions;
			sourceTree = "<group>";
		};
		4DDCCE7428F1D4A400D490C0 /* Components */ = {
			isa = PBXGroup;
			children = (
				4DDCCE7528F1D50400D490C0 /* CoinCellProfileComponent.swift */,
				4DDCCE7728F1D55200D490C0 /* CoinCellDetailComponent.swift */,
			);
			path = Components;
			sourceTree = "<group>";
		};
/* End PBXGroup section */

/* Begin PBXNativeTarget section */
		4D42F3EF28F166EA007B6B5E /* CryptObserver */ = {
			isa = PBXNativeTarget;
			buildConfigurationList = 4D42F3FE28F166EB007B6B5E /* Build configuration list for PBXNativeTarget "CryptObserver" */;
			buildPhases = (
				4D42F3EC28F166EA007B6B5E /* Sources */,
				4D42F3ED28F166EA007B6B5E /* Frameworks */,
				4D42F3EE28F166EA007B6B5E /* Resources */,
			);
			buildRules = (
			);
			dependencies = (
			);
			name = CryptObserver;
			productName = CryptObserver;
			productReference = 4D42F3F028F166EA007B6B5E /* CryptObserver.app */;
			productType = "com.apple.product-type.application";
		};
		4DDCCE5F28F189F100D490C0 /* CryptObserverTests */ = {
			isa = PBXNativeTarget;
			buildConfigurationList = 4DDCCE6628F189F100D490C0 /* Build configuration list for PBXNativeTarget "CryptObserverTests" */;
			buildPhases = (
				4DDCCE5C28F189F100D490C0 /* Sources */,
				4DDCCE5D28F189F100D490C0 /* Frameworks */,
				4DDCCE5E28F189F100D490C0 /* Resources */,
			);
			buildRules = (
			);
			dependencies = (
				4DDCCE6528F189F100D490C0 /* PBXTargetDependency */,
			);
			name = CryptObserverTests;
			productName = CryptObserverTests;
			productReference = 4DDCCE6028F189F100D490C0 /* CryptObserverTests.xctest */;
			productType = "com.apple.product-type.bundle.unit-test";
		};
/* End PBXNativeTarget section */

/* Begin PBXProject section */
		4D42F3E828F166EA007B6B5E /* Project object */ = {
			isa = PBXProject;
			attributes = {
				BuildIndependentTargetsInParallel = 1;
				LastSwiftUpdateCheck = 1400;
				LastUpgradeCheck = 1400;
				TargetAttributes = {
					4D42F3EF28F166EA007B6B5E = {
						CreatedOnToolsVersion = 14.0.1;
					};
					4DDCCE5F28F189F100D490C0 = {
						CreatedOnToolsVersion = 14.0.1;
						LastSwiftMigration = 1400;
						TestTargetID = 4D42F3EF28F166EA007B6B5E;
					};
				};
			};
			buildConfigurationList = 4D42F3EB28F166EA007B6B5E /* Build configuration list for PBXProject "CryptObserver" */;
			compatibilityVersion = "Xcode 14.0";
			developmentRegion = en;
			hasScannedForEncodings = 0;
			knownRegions = (
				en,
				Base,
			);
			mainGroup = 4D42F3E728F166EA007B6B5E;
			productRefGroup = 4D42F3F128F166EA007B6B5E /* Products */;
			projectDirPath = "";
			projectRoot = "";
			targets = (
				4D42F3EF28F166EA007B6B5E /* CryptObserver */,
				4DDCCE5F28F189F100D490C0 /* CryptObserverTests */,
			);
		};
/* End PBXProject section */

/* Begin PBXResourcesBuildPhase section */
		4D42F3EE28F166EA007B6B5E /* Resources */ = {
			isa = PBXResourcesBuildPhase;
			buildActionMask = 2147483647;
			files = (
				4D42F3FB28F166EB007B6B5E /* Preview Assets.xcassets in Resources */,
				4D42F3F828F166EB007B6B5E /* Assets.xcassets in Resources */,
			);
			runOnlyForDeploymentPostprocessing = 0;
		};
		4DDCCE5E28F189F100D490C0 /* Resources */ = {
			isa = PBXResourcesBuildPhase;
			buildActionMask = 2147483647;
			files = (
			);
			runOnlyForDeploymentPostprocessing = 0;
		};
/* End PBXResourcesBuildPhase section */

/* Begin PBXSourcesBuildPhase section */
		4D42F3EC28F166EA007B6B5E /* Sources */ = {
			isa = PBXSourcesBuildPhase;
			buildActionMask = 2147483647;
			files = (
				4D42F40628F16D2E007B6B5E /* ConectionErrorScreen.swift in Sources */,
				4D42F41328F18019007B6B5E /* APIManagerProtocol.swift in Sources */,
				4D42F41528F18041007B6B5E /* APIManager.swift in Sources */,
				4D42F40A28F17B7E007B6B5E /* Asset.swift in Sources */,
				4D42F41128F17D11007B6B5E /* EndPoint.swift in Sources */,
				4D42F41728F1808E007B6B5E /* AssetListService.swift in Sources */,
				4DDCCE7628F1D50400D490C0 /* CoinCellProfileComponent.swift in Sources */,
				4DDCCE7228F1D43900D490C0 /* Task+retrying.swift in Sources */,
				4D42F40828F16FF0007B6B5E /* CryptoCurrencyCell.swift in Sources */,
				4D42F41928F18271007B6B5E /* AssetsListViewModel.swift in Sources */,
				4D42F3F628F166EA007B6B5E /* ContentView.swift in Sources */,
				4DDCCE6C28F18CD900D490C0 /* AssetsData.swift in Sources */,
				4DDCCE7828F1D55200D490C0 /* CoinCellDetailComponent.swift in Sources */,
				4D42F40228F167DB007B6B5E /* AssetsListScreen.swift in Sources */,
				4D42F40428F168A4007B6B5E /* EmptyStateView.swift in Sources */,
				4D42F3F428F166EA007B6B5E /* CryptObserverApp.swift in Sources */,
				4DDCCE6E28F1956200D490C0 /* AssetViewModel.swift in Sources */,
			);
			runOnlyForDeploymentPostprocessing = 0;
		};
		4DDCCE5C28F189F100D490C0 /* Sources */ = {
			isa = PBXSourcesBuildPhase;
			buildActionMask = 2147483647;
			files = (
				4DDCCE6A28F18A1900D490C0 /* Edpointtests.swift in Sources */,
			);
			runOnlyForDeploymentPostprocessing = 0;
		};
/* End PBXSourcesBuildPhase section */

/* Begin PBXTargetDependency section */
		4DDCCE6528F189F100D490C0 /* PBXTargetDependency */ = {
			isa = PBXTargetDependency;
			target = 4D42F3EF28F166EA007B6B5E /* CryptObserver */;
			targetProxy = 4DDCCE6428F189F100D490C0 /* PBXContainerItemProxy */;
		};
/* End PBXTargetDependency section */

/* Begin XCBuildConfiguration section */
		4D42F3FC28F166EB007B6B5E /* Debug */ = {
			isa = XCBuildConfiguration;
			buildSettings = {
				ALWAYS_SEARCH_USER_PATHS = NO;
				CLANG_ANALYZER_NONNULL = YES;
				CLANG_ANALYZER_NUMBER_OBJECT_CONVERSION = YES_AGGRESSIVE;
				CLANG_CXX_LANGUAGE_STANDARD = "gnu++20";
				CLANG_ENABLE_MODULES = YES;
				CLANG_ENABLE_OBJC_ARC = YES;
				CLANG_ENABLE_OBJC_WEAK = YES;
				CLANG_WARN_BLOCK_CAPTURE_AUTORELEASING = YES;
				CLANG_WARN_BOOL_CONVERSION = YES;
				CLANG_WARN_COMMA = YES;
				CLANG_WARN_CONSTANT_CONVERSION = YES;
				CLANG_WARN_DEPRECATED_OBJC_IMPLEMENTATIONS = YES;
				CLANG_WARN_DIRECT_OBJC_ISA_USAGE = YES_ERROR;
				CLANG_WARN_DOCUMENTATION_COMMENTS = YES;
				CLANG_WARN_EMPTY_BODY = YES;
				CLANG_WARN_ENUM_CONVERSION = YES;
				CLANG_WARN_INFINITE_RECURSION = YES;
				CLANG_WARN_INT_CONVERSION = YES;
				CLANG_WARN_NON_LITERAL_NULL_CONVERSION = YES;
				CLANG_WARN_OBJC_IMPLICIT_RETAIN_SELF = YES;
				CLANG_WARN_OBJC_LITERAL_CONVERSION = YES;
				CLANG_WARN_OBJC_ROOT_CLASS = YES_ERROR;
				CLANG_WARN_QUOTED_INCLUDE_IN_FRAMEWORK_HEADER = YES;
				CLANG_WARN_RANGE_LOOP_ANALYSIS = YES;
				CLANG_WARN_STRICT_PROTOTYPES = YES;
				CLANG_WARN_SUSPICIOUS_MOVE = YES;
				CLANG_WARN_UNGUARDED_AVAILABILITY = YES_AGGRESSIVE;
				CLANG_WARN_UNREACHABLE_CODE = YES;
				CLANG_WARN__DUPLICATE_METHOD_MATCH = YES;
				COPY_PHASE_STRIP = NO;
				DEBUG_INFORMATION_FORMAT = dwarf;
				ENABLE_STRICT_OBJC_MSGSEND = YES;
				ENABLE_TESTABILITY = YES;
				GCC_C_LANGUAGE_STANDARD = gnu11;
				GCC_DYNAMIC_NO_PIC = NO;
				GCC_NO_COMMON_BLOCKS = YES;
				GCC_OPTIMIZATION_LEVEL = 0;
				GCC_PREPROCESSOR_DEFINITIONS = (
					"DEBUG=1",
					"$(inherited)",
				);
				GCC_WARN_64_TO_32_BIT_CONVERSION = YES;
				GCC_WARN_ABOUT_RETURN_TYPE = YES_ERROR;
				GCC_WARN_UNDECLARED_SELECTOR = YES;
				GCC_WARN_UNINITIALIZED_AUTOS = YES_AGGRESSIVE;
				GCC_WARN_UNUSED_FUNCTION = YES;
				GCC_WARN_UNUSED_VARIABLE = YES;
				IPHONEOS_DEPLOYMENT_TARGET = 16.0;
				MTL_ENABLE_DEBUG_INFO = INCLUDE_SOURCE;
				MTL_FAST_MATH = YES;
				ONLY_ACTIVE_ARCH = YES;
				SDKROOT = iphoneos;
				SWIFT_ACTIVE_COMPILATION_CONDITIONS = DEBUG;
				SWIFT_OPTIMIZATION_LEVEL = "-Onone";
			};
			name = Debug;
		};
		4D42F3FD28F166EB007B6B5E /* Release */ = {
			isa = XCBuildConfiguration;
			buildSettings = {
				ALWAYS_SEARCH_USER_PATHS = NO;
				CLANG_ANALYZER_NONNULL = YES;
				CLANG_ANALYZER_NUMBER_OBJECT_CONVERSION = YES_AGGRESSIVE;
				CLANG_CXX_LANGUAGE_STANDARD = "gnu++20";
				CLANG_ENABLE_MODULES = YES;
				CLANG_ENABLE_OBJC_ARC = YES;
				CLANG_ENABLE_OBJC_WEAK = YES;
				CLANG_WARN_BLOCK_CAPTURE_AUTORELEASING = YES;
				CLANG_WARN_BOOL_CONVERSION = YES;
				CLANG_WARN_COMMA = YES;
				CLANG_WARN_CONSTANT_CONVERSION = YES;
				CLANG_WARN_DEPRECATED_OBJC_IMPLEMENTATIONS = YES;
				CLANG_WARN_DIRECT_OBJC_ISA_USAGE = YES_ERROR;
				CLANG_WARN_DOCUMENTATION_COMMENTS = YES;
				CLANG_WARN_EMPTY_BODY = YES;
				CLANG_WARN_ENUM_CONVERSION = YES;
				CLANG_WARN_INFINITE_RECURSION = YES;
				CLANG_WARN_INT_CONVERSION = YES;
				CLANG_WARN_NON_LITERAL_NULL_CONVERSION = YES;
				CLANG_WARN_OBJC_IMPLICIT_RETAIN_SELF = YES;
				CLANG_WARN_OBJC_LITERAL_CONVERSION = YES;
				CLANG_WARN_OBJC_ROOT_CLASS = YES_ERROR;
				CLANG_WARN_QUOTED_INCLUDE_IN_FRAMEWORK_HEADER = YES;
				CLANG_WARN_RANGE_LOOP_ANALYSIS = YES;
				CLANG_WARN_STRICT_PROTOTYPES = YES;
				CLANG_WARN_SUSPICIOUS_MOVE = YES;
				CLANG_WARN_UNGUARDED_AVAILABILITY = YES_AGGRESSIVE;
				CLANG_WARN_UNREACHABLE_CODE = YES;
				CLANG_WARN__DUPLICATE_METHOD_MATCH = YES;
				COPY_PHASE_STRIP = NO;
				DEBUG_INFORMATION_FORMAT = "dwarf-with-dsym";
				ENABLE_NS_ASSERTIONS = NO;
				ENABLE_STRICT_OBJC_MSGSEND = YES;
				GCC_C_LANGUAGE_STANDARD = gnu11;
				GCC_NO_COMMON_BLOCKS = YES;
				GCC_WARN_64_TO_32_BIT_CONVERSION = YES;
				GCC_WARN_ABOUT_RETURN_TYPE = YES_ERROR;
				GCC_WARN_UNDECLARED_SELECTOR = YES;
				GCC_WARN_UNINITIALIZED_AUTOS = YES_AGGRESSIVE;
				GCC_WARN_UNUSED_FUNCTION = YES;
				GCC_WARN_UNUSED_VARIABLE = YES;
				IPHONEOS_DEPLOYMENT_TARGET = 16.0;
				MTL_ENABLE_DEBUG_INFO = NO;
				MTL_FAST_MATH = YES;
				SDKROOT = iphoneos;
				SWIFT_COMPILATION_MODE = wholemodule;
				SWIFT_OPTIMIZATION_LEVEL = "-O";
				VALIDATE_PRODUCT = YES;
			};
			name = Release;
		};
		4D42F3FF28F166EB007B6B5E /* Debug */ = {
			isa = XCBuildConfiguration;
			buildSettings = {
				ASSETCATALOG_COMPILER_APPICON_NAME = AppIcon;
				ASSETCATALOG_COMPILER_GLOBAL_ACCENT_COLOR_NAME = AccentColor;
				CODE_SIGN_STYLE = Automatic;
				CURRENT_PROJECT_VERSION = 1;
				DEVELOPMENT_ASSET_PATHS = "\"CryptObserver/Preview Content\"";
				DEVELOPMENT_TEAM = 3ZJAMJ8387;
				ENABLE_PREVIEWS = YES;
				GENERATE_INFOPLIST_FILE = YES;
				INFOPLIST_KEY_UIApplicationSceneManifest_Generation = YES;
				INFOPLIST_KEY_UIApplicationSupportsIndirectInputEvents = YES;
				INFOPLIST_KEY_UILaunchScreen_Generation = YES;
				INFOPLIST_KEY_UISupportedInterfaceOrientations_iPad = "UIInterfaceOrientationPortrait UIInterfaceOrientationPortraitUpsideDown UIInterfaceOrientationLandscapeLeft UIInterfaceOrientationLandscapeRight";
				INFOPLIST_KEY_UISupportedInterfaceOrientations_iPhone = "UIInterfaceOrientationPortrait UIInterfaceOrientationLandscapeLeft UIInterfaceOrientationLandscapeRight";
				LD_RUNPATH_SEARCH_PATHS = (
					"$(inherited)",
					"@executable_path/Frameworks",
				);
				MARKETING_VERSION = 1.0;
				PRODUCT_BUNDLE_IDENTIFIER = com.gergely.CryptObserver;
				PRODUCT_NAME = "$(TARGET_NAME)";
				SWIFT_EMIT_LOC_STRINGS = YES;
				SWIFT_VERSION = 5.0;
				TARGETED_DEVICE_FAMILY = "1,2";
			};
			name = Debug;
		};
		4D42F40028F166EB007B6B5E /* Release */ = {
			isa = XCBuildConfiguration;
			buildSettings = {
				ASSETCATALOG_COMPILER_APPICON_NAME = AppIcon;
				ASSETCATALOG_COMPILER_GLOBAL_ACCENT_COLOR_NAME = AccentColor;
				CODE_SIGN_STYLE = Automatic;
				CURRENT_PROJECT_VERSION = 1;
				DEVELOPMENT_ASSET_PATHS = "\"CryptObserver/Preview Content\"";
				DEVELOPMENT_TEAM = 3ZJAMJ8387;
				ENABLE_PREVIEWS = YES;
				GENERATE_INFOPLIST_FILE = YES;
				INFOPLIST_KEY_UIApplicationSceneManifest_Generation = YES;
				INFOPLIST_KEY_UIApplicationSupportsIndirectInputEvents = YES;
				INFOPLIST_KEY_UILaunchScreen_Generation = YES;
				INFOPLIST_KEY_UISupportedInterfaceOrientations_iPad = "UIInterfaceOrientationPortrait UIInterfaceOrientationPortraitUpsideDown UIInterfaceOrientationLandscapeLeft UIInterfaceOrientationLandscapeRight";
				INFOPLIST_KEY_UISupportedInterfaceOrientations_iPhone = "UIInterfaceOrientationPortrait UIInterfaceOrientationLandscapeLeft UIInterfaceOrientationLandscapeRight";
				LD_RUNPATH_SEARCH_PATHS = (
					"$(inherited)",
					"@executable_path/Frameworks",
				);
				MARKETING_VERSION = 1.0;
				PRODUCT_BUNDLE_IDENTIFIER = com.gergely.CryptObserver;
				PRODUCT_NAME = "$(TARGET_NAME)";
				SWIFT_EMIT_LOC_STRINGS = YES;
				SWIFT_VERSION = 5.0;
				TARGETED_DEVICE_FAMILY = "1,2";
			};
			name = Release;
		};
		4DDCCE6728F189F100D490C0 /* Debug */ = {
			isa = XCBuildConfiguration;
			buildSettings = {
				BUNDLE_LOADER = "$(TEST_HOST)";
				CLANG_ENABLE_MODULES = YES;
				CODE_SIGN_STYLE = Automatic;
				CURRENT_PROJECT_VERSION = 1;
				DEVELOPMENT_TEAM = 3ZJAMJ8387;
				GENERATE_INFOPLIST_FILE = YES;
				LD_RUNPATH_SEARCH_PATHS = (
					"$(inherited)",
					"@executable_path/Frameworks",
					"@loader_path/Frameworks",
				);
				MARKETING_VERSION = 1.0;
				PRODUCT_BUNDLE_IDENTIFIER = com.gergely.CryptObserverTests;
				PRODUCT_NAME = "$(TARGET_NAME)";
				SWIFT_EMIT_LOC_STRINGS = NO;
				SWIFT_OPTIMIZATION_LEVEL = "-Onone";
				SWIFT_VERSION = 5.0;
				TARGETED_DEVICE_FAMILY = "1,2";
				TEST_HOST = "$(BUILT_PRODUCTS_DIR)/CryptObserver.app/$(BUNDLE_EXECUTABLE_FOLDER_PATH)/CryptObserver";
			};
			name = Debug;
		};
		4DDCCE6828F189F100D490C0 /* Release */ = {
			isa = XCBuildConfiguration;
			buildSettings = {
				BUNDLE_LOADER = "$(TEST_HOST)";
				CLANG_ENABLE_MODULES = YES;
				CODE_SIGN_STYLE = Automatic;
				CURRENT_PROJECT_VERSION = 1;
				DEVELOPMENT_TEAM = 3ZJAMJ8387;
				GENERATE_INFOPLIST_FILE = YES;
				LD_RUNPATH_SEARCH_PATHS = (
					"$(inherited)",
					"@executable_path/Frameworks",
					"@loader_path/Frameworks",
				);
				MARKETING_VERSION = 1.0;
				PRODUCT_BUNDLE_IDENTIFIER = com.gergely.CryptObserverTests;
				PRODUCT_NAME = "$(TARGET_NAME)";
				SWIFT_EMIT_LOC_STRINGS = NO;
				SWIFT_VERSION = 5.0;
				TARGETED_DEVICE_FAMILY = "1,2";
				TEST_HOST = "$(BUILT_PRODUCTS_DIR)/CryptObserver.app/$(BUNDLE_EXECUTABLE_FOLDER_PATH)/CryptObserver";
			};
			name = Release;
		};
/* End XCBuildConfiguration section */

/* Begin XCConfigurationList section */
		4D42F3EB28F166EA007B6B5E /* Build configuration list for PBXProject "CryptObserver" */ = {
			isa = XCConfigurationList;
			buildConfigurations = (
				4D42F3FC28F166EB007B6B5E /* Debug */,
				4D42F3FD28F166EB007B6B5E /* Release */,
			);
			defaultConfigurationIsVisible = 0;
			defaultConfigurationName = Release;
		};
		4D42F3FE28F166EB007B6B5E /* Build configuration list for PBXNativeTarget "CryptObserver" */ = {
			isa = XCConfigurationList;
			buildConfigurations = (
				4D42F3FF28F166EB007B6B5E /* Debug */,
				4D42F40028F166EB007B6B5E /* Release */,
			);
			defaultConfigurationIsVisible = 0;
			defaultConfigurationName = Release;
		};
		4DDCCE6628F189F100D490C0 /* Build configuration list for PBXNativeTarget "CryptObserverTests" */ = {
			isa = XCConfigurationList;
			buildConfigurations = (
				4DDCCE6728F189F100D490C0 /* Debug */,
				4DDCCE6828F189F100D490C0 /* Release */,
			);
			defaultConfigurationIsVisible = 0;
			defaultConfigurationName = Release;
		};
/* End XCConfigurationList section */
	};
	rootObject = 4D42F3E828F166EA007B6B5E /* Project object */;
}
